
Microsoft Visual Studio Solution File, Format Version 12.00
# Visual Studio Version 17
VisualStudioVersion = 17.14.36301.6 d17.14
MinimumVisualStudioVersion = 10.0.40219.1
Project("{FAE04EC0-301F-11D3-BF4B-00C04F79EFBC}") = "Using-external-API-lesson-3", "Using-external-API-lesson-3.csproj", "{4DA8E0D8-BBFD-4886-BCD7-ED9BE97241F1}"
EndProject
Global
	GlobalSection(SolutionConfigurationPlatforms) = preSolution
		Debug|Any CPU = Debug|Any CPU
		Release|Any CPU = Release|Any CPU
	EndGlobalSection
	GlobalSection(ProjectConfigurationPlatforms) = postSolution
		{4DA8E0D8-BBFD-4886-BCD7-ED9BE97241F1}.Debug|Any CPU.ActiveCfg = Debug|Any CPU
		{4DA8E0D8-BBFD-4886-BCD7-ED9BE97241F1}.Debug|Any CPU.Build.0 = Debug|Any CPU
		{4DA8E0D8-BBFD-4886-BCD7-ED9BE97241F1}.Release|Any CPU.ActiveCfg = Release|Any CPU
		{4DA8E0D8-BBFD-4886-BCD7-ED9BE97241F1}.Release|Any CPU.Build.0 = Release|Any CPU
	EndGlobalSection
	GlobalSection(SolutionProperties) = preSolution
		HideSolutionNode = FALSE
	EndGlobalSection
	GlobalSection(ExtensibilityGlobals) = postSolution
		SolutionGuid = {11D6EECA-4FFB-4610-AF00-D6A7D90F76FE}
	EndGlobalSection
EndGlobal
